
Microsoft Visual Studio Solution File, Format Version 12.00
# Visual Studio Version 17
VisualStudioVersion = 17.8.34525.116
MinimumVisualStudioVersion = 10.0.40219.1
Project("{8BC9CEB8-8B4A-11D0-8D11-00A0C91BC942}") = "CryptoCurrencyTrading", "CryptoCurrencyTrading.vcxproj", "{26518407-8F44-4DCF-8C10-12C2F54A39E4}"
EndProject
Global
	GlobalSection(SolutionConfigurationPlatforms) = preSolution
		Debug|x64 = Debug|x64
		Debug|x86 = Debug|x86
		Release|x64 = Release|x64
		Release|x86 = Release|x86
	EndGlobalSection
	GlobalSection(ProjectConfigurationPlatforms) = postSolution
		{26518407-8F44-4DCF-8C10-12C2F54A39E4}.Debug|x64.ActiveCfg = Debug|x64
		{26518407-8F44-4DCF-8C10-12C2F54A39E4}.Debug|x64.Build.0 = Debug|x64
		{26518407-8F44-4DCF-8C10-12C2F54A39E4}.Debug|x86.ActiveCfg = Debug|Win32
		{26518407-8F44-4DCF-8C10-12C2F54A39E4}.Debug|x86.Build.0 = Debug|Win32
		{26518407-8F44-4DCF-8C10-12C2F54A39E4}.Release|x64.ActiveCfg = Release|x64
		{26518407-8F44-4DCF-8C10-12C2F54A39E4}.Release|x64.Build.0 = Release|x64
		{26518407-8F44-4DCF-8C10-12C2F54A39E4}.Release|x86.ActiveCfg = Release|Win32
		{26518407-8F44-4DCF-8C10-12C2F54A39E4}.Release|x86.Build.0 = Release|Win32
	EndGlobalSection
	GlobalSection(SolutionProperties) = preSolution
		HideSolutionNode = FALSE
	EndGlobalSection
	GlobalSection(ExtensibilityGlobals) = postSolution
		SolutionGuid = {D8139E12-4809-4973-836D-4FD56E06E25F}
	EndGlobalSection
EndGlobal
